
Microsoft Visual Studio Solution File, Format Version 12.00
# Visual Studio Version 17
VisualStudioVersion = 17.0.32112.339
MinimumVisualStudioVersion = 10.0.40219.1
Project("{FAE04EC0-301F-11D3-BF4B-00C04F79EFBC}") = "UnitTesty", "UnitTesty\UnitTesty.csproj", "{C2C34B3B-2DDC-4E5F-AC8E-A08F080B1AEA}"
EndProject
Project("{FAE04EC0-301F-11D3-BF4B-00C04F79EFBC}") = "TestedClasses3", "TestedClasses3\TestedClasses3.csproj", "{3F3C4760-A458-4C4E-AAD4-C63AECEFB789}"
EndProject
Project("{FAE04EC0-301F-11D3-BF4B-00C04F79EFBC}") = "Selenium", "Selenium\Selenium.csproj", "{65ACE7E2-79B0-4191-9990-416CD8AE2E0E}"
EndProject
Global
	GlobalSection(SolutionConfigurationPlatforms) = preSolution
		Debug|Any CPU = Debug|Any CPU
		Release|Any CPU = Release|Any CPU
	EndGlobalSection
	GlobalSection(ProjectConfigurationPlatforms) = postSolution
		{C2C34B3B-2DDC-4E5F-AC8E-A08F080B1AEA}.Debug|Any CPU.ActiveCfg = Debug|Any CPU
		{C2C34B3B-2DDC-4E5F-AC8E-A08F080B1AEA}.Debug|Any CPU.Build.0 = Debug|Any CPU
		{C2C34B3B-2DDC-4E5F-AC8E-A08F080B1AEA}.Release|Any CPU.ActiveCfg = Release|Any CPU
		{C2C34B3B-2DDC-4E5F-AC8E-A08F080B1AEA}.Release|Any CPU.Build.0 = Release|Any CPU
		{3F3C4760-A458-4C4E-AAD4-C63AECEFB789}.Debug|Any CPU.ActiveCfg = Debug|Any CPU
		{3F3C4760-A458-4C4E-AAD4-C63AECEFB789}.Debug|Any CPU.Build.0 = Debug|Any CPU
		{3F3C4760-A458-4C4E-AAD4-C63AECEFB789}.Release|Any CPU.ActiveCfg = Release|Any CPU
		{3F3C4760-A458-4C4E-AAD4-C63AECEFB789}.Release|Any CPU.Build.0 = Release|Any CPU
		{65ACE7E2-79B0-4191-9990-416CD8AE2E0E}.Debug|Any CPU.ActiveCfg = Debug|Any CPU
		{65ACE7E2-79B0-4191-9990-416CD8AE2E0E}.Debug|Any CPU.Build.0 = Debug|Any CPU
		{65ACE7E2-79B0-4191-9990-416CD8AE2E0E}.Release|Any CPU.ActiveCfg = Release|Any CPU
		{65ACE7E2-79B0-4191-9990-416CD8AE2E0E}.Release|Any CPU.Build.0 = Release|Any CPU
	EndGlobalSection
	GlobalSection(SolutionProperties) = preSolution
		HideSolutionNode = FALSE
	EndGlobalSection
	GlobalSection(ExtensibilityGlobals) = postSolution
		SolutionGuid = {3F67745A-BF0F-4FB3-ADCB-553CD2F16C8B}
	EndGlobalSection
EndGlobal
